
Microsoft Visual Studio Solution File, Format Version 11.00
# Visual Studio 2010
Project("{FAE04EC0-301F-11D3-BF4B-00C04F79EFBC}") = "ISlide", "ISlide\ISlide.csproj", "{454C02D8-6EE5-410D-9BD6-98B3E5ED4B53}"
EndProject
Project("{FAE04EC0-301F-11D3-BF4B-00C04F79EFBC}") = "NUI.Data", "NUI.Data\NUI.Data.csproj", "{66E4B731-F0A8-42DA-885E-3D10E3875E49}"
EndProject
Project("{FAE04EC0-301F-11D3-BF4B-00C04F79EFBC}") = "NUI.Kinect", "NUI.Kinect\NUI.Kinect.csproj", "{A4EC3238-6A46-4FB8-A50F-D1482CB3C3EC}"
EndProject
Project("{FAE04EC0-301F-11D3-BF4B-00C04F79EFBC}") = "NUI.Net", "NUI.Net\NUI.Net.csproj", "{F08C46C3-651C-423A-A414-C28CA4C044F0}"
EndProject
Project("{FAE04EC0-301F-11D3-BF4B-00C04F79EFBC}") = "ReceiverTest", "ReceiverTest\ReceiverTest.csproj", "{873AAA13-AA2E-462A-B44F-047368F22F1E}"
EndProject
Global
	GlobalSection(SolutionConfigurationPlatforms) = preSolution
		Debug|Any CPU = Debug|Any CPU
		Debug|Mixed Platforms = Debug|Mixed Platforms
		Debug|x86 = Debug|x86
		Release|Any CPU = Release|Any CPU
		Release|Mixed Platforms = Release|Mixed Platforms
		Release|x86 = Release|x86
	EndGlobalSection
	GlobalSection(ProjectConfigurationPlatforms) = postSolution
		{454C02D8-6EE5-410D-9BD6-98B3E5ED4B53}.Debug|Any CPU.ActiveCfg = Debug|x86
		{454C02D8-6EE5-410D-9BD6-98B3E5ED4B53}.Debug|Mixed Platforms.ActiveCfg = Debug|x86
		{454C02D8-6EE5-410D-9BD6-98B3E5ED4B53}.Debug|Mixed Platforms.Build.0 = Debug|x86
		{454C02D8-6EE5-410D-9BD6-98B3E5ED4B53}.Debug|x86.ActiveCfg = Debug|x86
		{454C02D8-6EE5-410D-9BD6-98B3E5ED4B53}.Debug|x86.Build.0 = Debug|x86
		{454C02D8-6EE5-410D-9BD6-98B3E5ED4B53}.Release|Any CPU.ActiveCfg = Release|x86
		{454C02D8-6EE5-410D-9BD6-98B3E5ED4B53}.Release|Mixed Platforms.ActiveCfg = Release|x86
		{454C02D8-6EE5-410D-9BD6-98B3E5ED4B53}.Release|Mixed Platforms.Build.0 = Release|x86
		{454C02D8-6EE5-410D-9BD6-98B3E5ED4B53}.Release|x86.ActiveCfg = Release|x86
		{454C02D8-6EE5-410D-9BD6-98B3E5ED4B53}.Release|x86.Build.0 = Release|x86
		{66E4B731-F0A8-42DA-885E-3D10E3875E49}.Debug|Any CPU.ActiveCfg = Debug|Any CPU
		{66E4B731-F0A8-42DA-885E-3D10E3875E49}.Debug|Any CPU.Build.0 = Debug|Any CPU
		{66E4B731-F0A8-42DA-885E-3D10E3875E49}.Debug|Mixed Platforms.ActiveCfg = Debug|Any CPU
		{66E4B731-F0A8-42DA-885E-3D10E3875E49}.Debug|Mixed Platforms.Build.0 = Debug|Any CPU
		{66E4B731-F0A8-42DA-885E-3D10E3875E49}.Debug|x86.ActiveCfg = Debug|Any CPU
		{66E4B731-F0A8-42DA-885E-3D10E3875E49}.Release|Any CPU.ActiveCfg = Release|Any CPU
		{66E4B731-F0A8-42DA-885E-3D10E3875E49}.Release|Any CPU.Build.0 = Release|Any CPU
		{66E4B731-F0A8-42DA-885E-3D10E3875E49}.Release|Mixed Platforms.ActiveCfg = Release|Any CPU
		{66E4B731-F0A8-42DA-885E-3D10E3875E49}.Release|Mixed Platforms.Build.0 = Release|Any CPU
		{66E4B731-F0A8-42DA-885E-3D10E3875E49}.Release|x86.ActiveCfg = Release|Any CPU
		{A4EC3238-6A46-4FB8-A50F-D1482CB3C3EC}.Debug|Any CPU.ActiveCfg = Debug|Any CPU
		{A4EC3238-6A46-4FB8-A50F-D1482CB3C3EC}.Debug|Any CPU.Build.0 = Debug|Any CPU
		{A4EC3238-6A46-4FB8-A50F-D1482CB3C3EC}.Debug|Mixed Platforms.ActiveCfg = Debug|Any CPU
		{A4EC3238-6A46-4FB8-A50F-D1482CB3C3EC}.Debug|Mixed Platforms.Build.0 = Debug|Any CPU
		{A4EC3238-6A46-4FB8-A50F-D1482CB3C3EC}.Debug|x86.ActiveCfg = Debug|Any CPU
		{A4EC3238-6A46-4FB8-A50F-D1482CB3C3EC}.Release|Any CPU.ActiveCfg = Release|Any CPU
		{A4EC3238-6A46-4FB8-A50F-D1482CB3C3EC}.Release|Any CPU.Build.0 = Release|Any CPU
		{A4EC3238-6A46-4FB8-A50F-D1482CB3C3EC}.Release|Mixed Platforms.ActiveCfg = Release|Any CPU
		{A4EC3238-6A46-4FB8-A50F-D1482CB3C3EC}.Release|Mixed Platforms.Build.0 = Release|Any CPU
		{A4EC3238-6A46-4FB8-A50F-D1482CB3C3EC}.Release|x86.ActiveCfg = Release|Any CPU
		{F08C46C3-651C-423A-A414-C28CA4C044F0}.Debug|Any CPU.ActiveCfg = Debug|Any CPU
		{F08C46C3-651C-423A-A414-C28CA4C044F0}.Debug|Any CPU.Build.0 = Debug|Any CPU
		{F08C46C3-651C-423A-A414-C28CA4C044F0}.Debug|Mixed Platforms.ActiveCfg = Debug|Any CPU
		{F08C46C3-651C-423A-A414-C28CA4C044F0}.Debug|Mixed Platforms.Build.0 = Debug|Any CPU
		{F08C46C3-651C-423A-A414-C28CA4C044F0}.Debug|x86.ActiveCfg = Debug|Any CPU
		{F08C46C3-651C-423A-A414-C28CA4C044F0}.Release|Any CPU.ActiveCfg = Release|Any CPU
		{F08C46C3-651C-423A-A414-C28CA4C044F0}.Release|Any CPU.Build.0 = Release|Any CPU
		{F08C46C3-651C-423A-A414-C28CA4C044F0}.Release|Mixed Platforms.ActiveCfg = Release|Any CPU
		{F08C46C3-651C-423A-A414-C28CA4C044F0}.Release|Mixed Platforms.Build.0 = Release|Any CPU
		{F08C46C3-651C-423A-A414-C28CA4C044F0}.Release|x86.ActiveCfg = Release|Any CPU
		{873AAA13-AA2E-462A-B44F-047368F22F1E}.Debug|Any CPU.ActiveCfg = Debug|x86
		{873AAA13-AA2E-462A-B44F-047368F22F1E}.Debug|Mixed Platforms.ActiveCfg = Debug|x86
		{873AAA13-AA2E-462A-B44F-047368F22F1E}.Debug|Mixed Platforms.Build.0 = Debug|x86
		{873AAA13-AA2E-462A-B44F-047368F22F1E}.Debug|x86.ActiveCfg = Debug|x86
		{873AAA13-AA2E-462A-B44F-047368F22F1E}.Debug|x86.Build.0 = Debug|x86
		{873AAA13-AA2E-462A-B44F-047368F22F1E}.Release|Any CPU.ActiveCfg = Release|x86
		{873AAA13-AA2E-462A-B44F-047368F22F1E}.Release|Mixed Platforms.ActiveCfg = Release|x86
		{873AAA13-AA2E-462A-B44F-047368F22F1E}.Release|Mixed Platforms.Build.0 = Release|x86
		{873AAA13-AA2E-462A-B44F-047368F22F1E}.Release|x86.ActiveCfg = Release|x86
		{873AAA13-AA2E-462A-B44F-047368F22F1E}.Release|x86.Build.0 = Release|x86
	EndGlobalSection
	GlobalSection(SolutionProperties) = preSolution
		HideSolutionNode = FALSE
	EndGlobalSection
EndGlobal
